// !$*UTF8*$!
{
	archiveVersion = 1;
	classes = {
	};
	objectVersion = 56;
	objects = {

/* Begin PBXBuildFile section */
		B0078876293909F400654BF9 /* DubDubGrubApp.swift in Sources */ = {isa = PBXBuildFile; fileRef = B0078875293909F400654BF9 /* DubDubGrubApp.swift */; };
		B007887A293909F500654BF9 /* Assets.xcassets in Resources */ = {isa = PBXBuildFile; fileRef = B0078879293909F500654BF9 /* Assets.xcassets */; };
		B007887D293909F500654BF9 /* Preview Assets.xcassets in Resources */ = {isa = PBXBuildFile; fileRef = B007887C293909F500654BF9 /* Preview Assets.xcassets */; };
		B007888529390C2600654BF9 /* ColorExtension.swift in Sources */ = {isa = PBXBuildFile; fileRef = B007888429390C2600654BF9 /* ColorExtension.swift */; };
		B007888729390C9600654BF9 /* DDGTabView.swift in Sources */ = {isa = PBXBuildFile; fileRef = B007888629390C9600654BF9 /* DDGTabView.swift */; };
		B007888929390CCD00654BF9 /* LocationMapView.swift in Sources */ = {isa = PBXBuildFile; fileRef = B007888829390CCD00654BF9 /* LocationMapView.swift */; };
		B007888B29390CF300654BF9 /* LocationListView.swift in Sources */ = {isa = PBXBuildFile; fileRef = B007888A29390CF300654BF9 /* LocationListView.swift */; };
		B007888D29390D0300654BF9 /* ProfileView.swift in Sources */ = {isa = PBXBuildFile; fileRef = B007888C29390D0300654BF9 /* ProfileView.swift */; };
		B0078890293911FD00654BF9 /* .gitignore in Resources */ = {isa = PBXBuildFile; fileRef = B007888F293911FD00654BF9 /* .gitignore */; };
		B00788942939F47700654BF9 /* LocationDetailView.swift in Sources */ = {isa = PBXBuildFile; fileRef = B00788932939F47600654BF9 /* LocationDetailView.swift */; };
		B09AEB3029463EC10052210E /* LocationRowView.swift in Sources */ = {isa = PBXBuildFile; fileRef = B09AEB2F29463EC10052210E /* LocationRowView.swift */; };
		B09AEB32294642630052210E /* CustomModifiers.swift in Sources */ = {isa = PBXBuildFile; fileRef = B09AEB31294642630052210E /* CustomModifiers.swift */; };
		B09AEB34294642800052210E /* ViewExtension.swift in Sources */ = {isa = PBXBuildFile; fileRef = B09AEB33294642800052210E /* ViewExtension.swift */; };
		B09AEB36294643A00052210E /* DDGButton.swift in Sources */ = {isa = PBXBuildFile; fileRef = B09AEB35294643A00052210E /* DDGButton.swift */; };
		B09AEB3F294645FB0052210E /* AvatarView.swift in Sources */ = {isa = PBXBuildFile; fileRef = B09AEB3E294645FB0052210E /* AvatarView.swift */; };
/* End PBXBuildFile section */

/* Begin PBXFileReference section */
		B0078872293909F400654BF9 /* DubDubGrub.app */ = {isa = PBXFileReference; explicitFileType = wrapper.application; includeInIndex = 0; path = DubDubGrub.app; sourceTree = BUILT_PRODUCTS_DIR; };
		B0078875293909F400654BF9 /* DubDubGrubApp.swift */ = {isa = PBXFileReference; lastKnownFileType = sourcecode.swift; path = DubDubGrubApp.swift; sourceTree = "<group>"; };
		B0078879293909F500654BF9 /* Assets.xcassets */ = {isa = PBXFileReference; lastKnownFileType = folder.assetcatalog; path = Assets.xcassets; sourceTree = "<group>"; };
		B007887C293909F500654BF9 /* Preview Assets.xcassets */ = {isa = PBXFileReference; lastKnownFileType = folder.assetcatalog; path = "Preview Assets.xcassets"; sourceTree = "<group>"; };
		B007888329390A5C00654BF9 /* DubDubGrub.entitlements */ = {isa = PBXFileReference; lastKnownFileType = text.plist.entitlements; path = DubDubGrub.entitlements; sourceTree = "<group>"; };
		B007888429390C2600654BF9 /* ColorExtension.swift */ = {isa = PBXFileReference; lastKnownFileType = sourcecode.swift; path = ColorExtension.swift; sourceTree = "<group>"; };
		B007888629390C9600654BF9 /* DDGTabView.swift */ = {isa = PBXFileReference; lastKnownFileType = sourcecode.swift; path = DDGTabView.swift; sourceTree = "<group>"; };
		B007888829390CCD00654BF9 /* LocationMapView.swift */ = {isa = PBXFileReference; lastKnownFileType = sourcecode.swift; path = LocationMapView.swift; sourceTree = "<group>"; };
		B007888A29390CF300654BF9 /* LocationListView.swift */ = {isa = PBXFileReference; lastKnownFileType = sourcecode.swift; path = LocationListView.swift; sourceTree = "<group>"; };
		B007888C29390D0300654BF9 /* ProfileView.swift */ = {isa = PBXFileReference; lastKnownFileType = sourcecode.swift; path = ProfileView.swift; sourceTree = "<group>"; };
		B007888E2939107900654BF9 /* README.md */ = {isa = PBXFileReference; lastKnownFileType = net.daringfireball.markdown; path = README.md; sourceTree = "<group>"; };
		B007888F293911FD00654BF9 /* .gitignore */ = {isa = PBXFileReference; lastKnownFileType = text; path = .gitignore; sourceTree = "<group>"; };
		B00788932939F47600654BF9 /* LocationDetailView.swift */ = {isa = PBXFileReference; lastKnownFileType = sourcecode.swift; path = LocationDetailView.swift; sourceTree = "<group>"; };
		B09AEB2F29463EC10052210E /* LocationRowView.swift */ = {isa = PBXFileReference; lastKnownFileType = sourcecode.swift; path = LocationRowView.swift; sourceTree = "<group>"; };
		B09AEB31294642630052210E /* CustomModifiers.swift */ = {isa = PBXFileReference; lastKnownFileType = sourcecode.swift; path = CustomModifiers.swift; sourceTree = "<group>"; };
		B09AEB33294642800052210E /* ViewExtension.swift */ = {isa = PBXFileReference; lastKnownFileType = sourcecode.swift; path = ViewExtension.swift; sourceTree = "<group>"; };
		B09AEB35294643A00052210E /* DDGButton.swift */ = {isa = PBXFileReference; lastKnownFileType = sourcecode.swift; path = DDGButton.swift; sourceTree = "<group>"; };
		B09AEB3E294645FB0052210E /* AvatarView.swift */ = {isa = PBXFileReference; lastKnownFileType = sourcecode.swift; path = AvatarView.swift; sourceTree = "<group>"; };
/* End PBXFileReference section */

/* Begin PBXFrameworksBuildPhase section */
		B007886F293909F400654BF9 /* Frameworks */ = {
			isa = PBXFrameworksBuildPhase;
			buildActionMask = 2147483647;
			files = (
			);
			runOnlyForDeploymentPostprocessing = 0;
		};
/* End PBXFrameworksBuildPhase section */

/* Begin PBXGroup section */
		B0078869293909F400654BF9 = {
			isa = PBXGroup;
			children = (
				B007888F293911FD00654BF9 /* .gitignore */,
				B007888E2939107900654BF9 /* README.md */,
				B0078874293909F400654BF9 /* DubDubGrub */,
				B0078873293909F400654BF9 /* Products */,
			);
			sourceTree = "<group>";
		};
		B0078873293909F400654BF9 /* Products */ = {
			isa = PBXGroup;
			children = (
				B0078872293909F400654BF9 /* DubDubGrub.app */,
			);
			name = Products;
			sourceTree = "<group>";
		};
		B0078874293909F400654BF9 /* DubDubGrub */ = {
			isa = PBXGroup;
			children = (
				B007888329390A5C00654BF9 /* DubDubGrub.entitlements */,
				B09AEB372946452B0052210E /* Extensions */,
				B09AEB38294645390052210E /* Views */,
				B0078875293909F400654BF9 /* DubDubGrubApp.swift */,
				B0078879293909F500654BF9 /* Assets.xcassets */,
				B007887B293909F500654BF9 /* Preview Content */,
			);
			path = DubDubGrub;
			sourceTree = "<group>";
		};
		B007887B293909F500654BF9 /* Preview Content */ = {
			isa = PBXGroup;
			children = (
				B007887C293909F500654BF9 /* Preview Assets.xcassets */,
			);
			path = "Preview Content";
			sourceTree = "<group>";
		};
		B09AEB372946452B0052210E /* Extensions */ = {
			isa = PBXGroup;
			children = (
				B007888429390C2600654BF9 /* ColorExtension.swift */,
				B09AEB33294642800052210E /* ViewExtension.swift */,
			);
			path = Extensions;
			sourceTree = "<group>";
		};
		B09AEB38294645390052210E /* Views */ = {
			isa = PBXGroup;
			children = (
				B09AEB31294642630052210E /* CustomModifiers.swift */,
				B09AEB3A294645670052210E /* CustomViews */,
				B09AEB39294645420052210E /* Screens */,
			);
			path = Views;
			sourceTree = "<group>";
		};
		B09AEB39294645420052210E /* Screens */ = {
			isa = PBXGroup;
			children = (
				B09AEB3C294645AE0052210E /* Additonals */,
				B007888629390C9600654BF9 /* DDGTabView.swift */,
				B00788932939F47600654BF9 /* LocationDetailView.swift */,
				B007888A29390CF300654BF9 /* LocationListView.swift */,
				B007888829390CCD00654BF9 /* LocationMapView.swift */,
				B007888C29390D0300654BF9 /* ProfileView.swift */,
			);
			path = Screens;
			sourceTree = "<group>";
		};
		B09AEB3A294645670052210E /* CustomViews */ = {
			isa = PBXGroup;
			children = (
				B09AEB35294643A00052210E /* DDGButton.swift */,
				B09AEB3E294645FB0052210E /* AvatarView.swift */,
			);
			path = CustomViews;
			sourceTree = "<group>";
		};
		B09AEB3C294645AE0052210E /* Additonals */ = {
			isa = PBXGroup;
			children = (
				B09AEB2F29463EC10052210E /* LocationRowView.swift */,
			);
			path = Additonals;
			sourceTree = "<group>";
		};
/* End PBXGroup section */

/* Begin PBXNativeTarget section */
		B0078871293909F400654BF9 /* DubDubGrub */ = {
			isa = PBXNativeTarget;
			buildConfigurationList = B0078880293909F500654BF9 /* Build configuration list for PBXNativeTarget "DubDubGrub" */;
			buildPhases = (
				B007886E293909F400654BF9 /* Sources */,
				B007886F293909F400654BF9 /* Frameworks */,
				B0078870293909F400654BF9 /* Resources */,
			);
			buildRules = (
			);
			dependencies = (
			);
			name = DubDubGrub;
			productName = DubDubGrub;
			productReference = B0078872293909F400654BF9 /* DubDubGrub.app */;
			productType = "com.apple.product-type.application";
		};
/* End PBXNativeTarget section */

/* Begin PBXProject section */
		B007886A293909F400654BF9 /* Project object */ = {
			isa = PBXProject;
			attributes = {
				BuildIndependentTargetsInParallel = 1;
				LastSwiftUpdateCheck = 1410;
				LastUpgradeCheck = 1410;
				TargetAttributes = {
					B0078871293909F400654BF9 = {
						CreatedOnToolsVersion = 14.1;
					};
				};
			};
			buildConfigurationList = B007886D293909F400654BF9 /* Build configuration list for PBXProject "DubDubGrub" */;
			compatibilityVersion = "Xcode 14.0";
			developmentRegion = en;
			hasScannedForEncodings = 0;
			knownRegions = (
				en,
				Base,
			);
			mainGroup = B0078869293909F400654BF9;
			productRefGroup = B0078873293909F400654BF9 /* Products */;
			projectDirPath = "";
			projectRoot = "";
			targets = (
				B0078871293909F400654BF9 /* DubDubGrub */,
			);
		};
/* End PBXProject section */

/* Begin PBXResourcesBuildPhase section */
		B0078870293909F400654BF9 /* Resources */ = {
			isa = PBXResourcesBuildPhase;
			buildActionMask = 2147483647;
			files = (
				B007887D293909F500654BF9 /* Preview Assets.xcassets in Resources */,
				B0078890293911FD00654BF9 /* .gitignore in Resources */,
				B007887A293909F500654BF9 /* Assets.xcassets in Resources */,
			);
			runOnlyForDeploymentPostprocessing = 0;
		};
/* End PBXResourcesBuildPhase section */

/* Begin PBXSourcesBuildPhase section */
		B007886E293909F400654BF9 /* Sources */ = {
			isa = PBXSourcesBuildPhase;
			buildActionMask = 2147483647;
			files = (
				B007888529390C2600654BF9 /* ColorExtension.swift in Sources */,
				B09AEB3F294645FB0052210E /* AvatarView.swift in Sources */,
				B09AEB36294643A00052210E /* DDGButton.swift in Sources */,
				B007888929390CCD00654BF9 /* LocationMapView.swift in Sources */,
				B007888B29390CF300654BF9 /* LocationListView.swift in Sources */,
				B00788942939F47700654BF9 /* LocationDetailView.swift in Sources */,
				B09AEB34294642800052210E /* ViewExtension.swift in Sources */,
				B09AEB3029463EC10052210E /* LocationRowView.swift in Sources */,
				B007888729390C9600654BF9 /* DDGTabView.swift in Sources */,
				B09AEB32294642630052210E /* CustomModifiers.swift in Sources */,
				B007888D29390D0300654BF9 /* ProfileView.swift in Sources */,
				B0078876293909F400654BF9 /* DubDubGrubApp.swift in Sources */,
			);
			runOnlyForDeploymentPostprocessing = 0;
		};
/* End PBXSourcesBuildPhase section */

/* Begin XCBuildConfiguration section */
		B007887E293909F500654BF9 /* Debug */ = {
			isa = XCBuildConfiguration;
			buildSettings = {
				ALWAYS_SEARCH_USER_PATHS = NO;
				CLANG_ANALYZER_NONNULL = YES;
				CLANG_ANALYZER_NUMBER_OBJECT_CONVERSION = YES_AGGRESSIVE;
				CLANG_CXX_LANGUAGE_STANDARD = "gnu++20";
				CLANG_ENABLE_MODULES = YES;
				CLANG_ENABLE_OBJC_ARC = YES;
				CLANG_ENABLE_OBJC_WEAK = YES;
				CLANG_WARN_BLOCK_CAPTURE_AUTORELEASING = YES;
				CLANG_WARN_BOOL_CONVERSION = YES;
				CLANG_WARN_COMMA = YES;
				CLANG_WARN_CONSTANT_CONVERSION = YES;
				CLANG_WARN_DEPRECATED_OBJC_IMPLEMENTATIONS = YES;
				CLANG_WARN_DIRECT_OBJC_ISA_USAGE = YES_ERROR;
				CLANG_WARN_DOCUMENTATION_COMMENTS = YES;
				CLANG_WARN_EMPTY_BODY = YES;
				CLANG_WARN_ENUM_CONVERSION = YES;
				CLANG_WARN_INFINITE_RECURSION = YES;
				CLANG_WARN_INT_CONVERSION = YES;
				CLANG_WARN_NON_LITERAL_NULL_CONVERSION = YES;
				CLANG_WARN_OBJC_IMPLICIT_RETAIN_SELF = YES;
				CLANG_WARN_OBJC_LITERAL_CONVERSION = YES;
				CLANG_WARN_OBJC_ROOT_CLASS = YES_ERROR;
				CLANG_WARN_QUOTED_INCLUDE_IN_FRAMEWORK_HEADER = YES;
				CLANG_WARN_RANGE_LOOP_ANALYSIS = YES;
				CLANG_WARN_STRICT_PROTOTYPES = YES;
				CLANG_WARN_SUSPICIOUS_MOVE = YES;
				CLANG_WARN_UNGUARDED_AVAILABILITY = YES_AGGRESSIVE;
				CLANG_WARN_UNREACHABLE_CODE = YES;
				CLANG_WARN__DUPLICATE_METHOD_MATCH = YES;
				COPY_PHASE_STRIP = NO;
				DEBUG_INFORMATION_FORMAT = dwarf;
				ENABLE_STRICT_OBJC_MSGSEND = YES;
				ENABLE_TESTABILITY = YES;
				GCC_C_LANGUAGE_STANDARD = gnu11;
				GCC_DYNAMIC_NO_PIC = NO;
				GCC_NO_COMMON_BLOCKS = YES;
				GCC_OPTIMIZATION_LEVEL = 0;
				GCC_PREPROCESSOR_DEFINITIONS = (
					"DEBUG=1",
					"$(inherited)",
				);
				GCC_WARN_64_TO_32_BIT_CONVERSION = YES;
				GCC_WARN_ABOUT_RETURN_TYPE = YES_ERROR;
				GCC_WARN_UNDECLARED_SELECTOR = YES;
				GCC_WARN_UNINITIALIZED_AUTOS = YES_AGGRESSIVE;
				GCC_WARN_UNUSED_FUNCTION = YES;
				GCC_WARN_UNUSED_VARIABLE = YES;
				IPHONEOS_DEPLOYMENT_TARGET = 16.1;
				MTL_ENABLE_DEBUG_INFO = INCLUDE_SOURCE;
				MTL_FAST_MATH = YES;
				ONLY_ACTIVE_ARCH = YES;
				SDKROOT = iphoneos;
				SWIFT_ACTIVE_COMPILATION_CONDITIONS = DEBUG;
				SWIFT_OPTIMIZATION_LEVEL = "-Onone";
			};
			name = Debug;
		};
		B007887F293909F500654BF9 /* Release */ = {
			isa = XCBuildConfiguration;
			buildSettings = {
				ALWAYS_SEARCH_USER_PATHS = NO;
				CLANG_ANALYZER_NONNULL = YES;
				CLANG_ANALYZER_NUMBER_OBJECT_CONVERSION = YES_AGGRESSIVE;
				CLANG_CXX_LANGUAGE_STANDARD = "gnu++20";
				CLANG_ENABLE_MODULES = YES;
				CLANG_ENABLE_OBJC_ARC = YES;
				CLANG_ENABLE_OBJC_WEAK = YES;
				CLANG_WARN_BLOCK_CAPTURE_AUTORELEASING = YES;
				CLANG_WARN_BOOL_CONVERSION = YES;
				CLANG_WARN_COMMA = YES;
				CLANG_WARN_CONSTANT_CONVERSION = YES;
				CLANG_WARN_DEPRECATED_OBJC_IMPLEMENTATIONS = YES;
				CLANG_WARN_DIRECT_OBJC_ISA_USAGE = YES_ERROR;
				CLANG_WARN_DOCUMENTATION_COMMENTS = YES;
				CLANG_WARN_EMPTY_BODY = YES;
				CLANG_WARN_ENUM_CONVERSION = YES;
				CLANG_WARN_INFINITE_RECURSION = YES;
				CLANG_WARN_INT_CONVERSION = YES;
				CLANG_WARN_NON_LITERAL_NULL_CONVERSION = YES;
				CLANG_WARN_OBJC_IMPLICIT_RETAIN_SELF = YES;
				CLANG_WARN_OBJC_LITERAL_CONVERSION = YES;
				CLANG_WARN_OBJC_ROOT_CLASS = YES_ERROR;
				CLANG_WARN_QUOTED_INCLUDE_IN_FRAMEWORK_HEADER = YES;
				CLANG_WARN_RANGE_LOOP_ANALYSIS = YES;
				CLANG_WARN_STRICT_PROTOTYPES = YES;
				CLANG_WARN_SUSPICIOUS_MOVE = YES;
				CLANG_WARN_UNGUARDED_AVAILABILITY = YES_AGGRESSIVE;
				CLANG_WARN_UNREACHABLE_CODE = YES;
				CLANG_WARN__DUPLICATE_METHOD_MATCH = YES;
				COPY_PHASE_STRIP = NO;
				DEBUG_INFORMATION_FORMAT = "dwarf-with-dsym";
				ENABLE_NS_ASSERTIONS = NO;
				ENABLE_STRICT_OBJC_MSGSEND = YES;
				GCC_C_LANGUAGE_STANDARD = gnu11;
				GCC_NO_COMMON_BLOCKS = YES;
				GCC_WARN_64_TO_32_BIT_CONVERSION = YES;
				GCC_WARN_ABOUT_RETURN_TYPE = YES_ERROR;
				GCC_WARN_UNDECLARED_SELECTOR = YES;
				GCC_WARN_UNINITIALIZED_AUTOS = YES_AGGRESSIVE;
				GCC_WARN_UNUSED_FUNCTION = YES;
				GCC_WARN_UNUSED_VARIABLE = YES;
				IPHONEOS_DEPLOYMENT_TARGET = 16.1;
				MTL_ENABLE_DEBUG_INFO = NO;
				MTL_FAST_MATH = YES;
				SDKROOT = iphoneos;
				SWIFT_COMPILATION_MODE = wholemodule;
				SWIFT_OPTIMIZATION_LEVEL = "-O";
				VALIDATE_PRODUCT = YES;
			};
			name = Release;
		};
		B0078881293909F500654BF9 /* Debug */ = {
			isa = XCBuildConfiguration;
			buildSettings = {
				ASSETCATALOG_COMPILER_APPICON_NAME = AppIcon;
				ASSETCATALOG_COMPILER_GLOBAL_ACCENT_COLOR_NAME = AccentColor;
				CODE_SIGN_ENTITLEMENTS = DubDubGrub/DubDubGrub.entitlements;
				CODE_SIGN_STYLE = Automatic;
				CURRENT_PROJECT_VERSION = 1;
				DEVELOPMENT_ASSET_PATHS = "\"DubDubGrub/Preview Content\"";
				DEVELOPMENT_TEAM = YQD5MQWX93;
				ENABLE_PREVIEWS = YES;
				GENERATE_INFOPLIST_FILE = YES;
				INFOPLIST_KEY_UIApplicationSceneManifest_Generation = YES;
				INFOPLIST_KEY_UIApplicationSupportsIndirectInputEvents = YES;
				INFOPLIST_KEY_UILaunchScreen_Generation = YES;
				INFOPLIST_KEY_UISupportedInterfaceOrientations_iPad = "UIInterfaceOrientationPortrait UIInterfaceOrientationPortraitUpsideDown UIInterfaceOrientationLandscapeLeft UIInterfaceOrientationLandscapeRight";
				INFOPLIST_KEY_UISupportedInterfaceOrientations_iPhone = "UIInterfaceOrientationPortrait UIInterfaceOrientationLandscapeLeft UIInterfaceOrientationLandscapeRight";
				IPHONEOS_DEPLOYMENT_TARGET = 14.5;
				LD_RUNPATH_SEARCH_PATHS = (
					"$(inherited)",
					"@executable_path/Frameworks",
				);
				MARKETING_VERSION = 1.0;
				PRODUCT_BUNDLE_IDENTIFIER = com.KwikBianDhoan.DubDubGrub;
				PRODUCT_NAME = "$(TARGET_NAME)";
				SWIFT_EMIT_LOC_STRINGS = YES;
				SWIFT_VERSION = 5.0;
				TARGETED_DEVICE_FAMILY = "1,2";
			};
			name = Debug;
		};
		B0078882293909F500654BF9 /* Release */ = {
			isa = XCBuildConfiguration;
			buildSettings = {
				ASSETCATALOG_COMPILER_APPICON_NAME = AppIcon;
				ASSETCATALOG_COMPILER_GLOBAL_ACCENT_COLOR_NAME = AccentColor;
				CODE_SIGN_ENTITLEMENTS = DubDubGrub/DubDubGrub.entitlements;
				CODE_SIGN_STYLE = Automatic;
				CURRENT_PROJECT_VERSION = 1;
				DEVELOPMENT_ASSET_PATHS = "\"DubDubGrub/Preview Content\"";
				DEVELOPMENT_TEAM = YQD5MQWX93;
				ENABLE_PREVIEWS = YES;
				GENERATE_INFOPLIST_FILE = YES;
				INFOPLIST_KEY_UIApplicationSceneManifest_Generation = YES;
				INFOPLIST_KEY_UIApplicationSupportsIndirectInputEvents = YES;
				INFOPLIST_KEY_UILaunchScreen_Generation = YES;
				INFOPLIST_KEY_UISupportedInterfaceOrientations_iPad = "UIInterfaceOrientationPortrait UIInterfaceOrientationPortraitUpsideDown UIInterfaceOrientationLandscapeLeft UIInterfaceOrientationLandscapeRight";
				INFOPLIST_KEY_UISupportedInterfaceOrientations_iPhone = "UIInterfaceOrientationPortrait UIInterfaceOrientationLandscapeLeft UIInterfaceOrientationLandscapeRight";
				IPHONEOS_DEPLOYMENT_TARGET = 14.5;
				LD_RUNPATH_SEARCH_PATHS = (
					"$(inherited)",
					"@executable_path/Frameworks",
				);
				MARKETING_VERSION = 1.0;
				PRODUCT_BUNDLE_IDENTIFIER = com.KwikBianDhoan.DubDubGrub;
				PRODUCT_NAME = "$(TARGET_NAME)";
				SWIFT_EMIT_LOC_STRINGS = YES;
				SWIFT_VERSION = 5.0;
				TARGETED_DEVICE_FAMILY = "1,2";
			};
			name = Release;
		};
/* End XCBuildConfiguration section */

/* Begin XCConfigurationList section */
		B007886D293909F400654BF9 /* Build configuration list for PBXProject "DubDubGrub" */ = {
			isa = XCConfigurationList;
			buildConfigurations = (
				B007887E293909F500654BF9 /* Debug */,
				B007887F293909F500654BF9 /* Release */,
			);
			defaultConfigurationIsVisible = 0;
			defaultConfigurationName = Release;
		};
		B0078880293909F500654BF9 /* Build configuration list for PBXNativeTarget "DubDubGrub" */ = {
			isa = XCConfigurationList;
			buildConfigurations = (
				B0078881293909F500654BF9 /* Debug */,
				B0078882293909F500654BF9 /* Release */,
			);
			defaultConfigurationIsVisible = 0;
			defaultConfigurationName = Release;
		};
/* End XCConfigurationList section */
	};
	rootObject = B007886A293909F400654BF9 /* Project object */;
}
